<?xml version="1.0" encoding="utf-8"?>
<Project ToolsVersion="4.0" xmlns="http://schemas.microsoft.com/developer/msbuild/2003">
  <ItemGroup>
    <Filter Include="Source Files">
      <UniqueIdentifier>{4FC737F1-C7A5-4376-A066-2A32D752A2FF}</UniqueIdentifier>
      <Extensions>cpp;c;cc;cxx;def;odl;idl;hpj;bat;asm;asmx</Extensions>
    </Filter>
    <Filter Include="Header Files">
      <UniqueIdentifier>{93995380-89BD-4b04-88EB-625FBE52EBFB}</UniqueIdentifier>
      <Extensions>h;hh;hpp;hxx;hm;inl;inc;ipp;xsd</Extensions>
    </Filter>
    <Filter Include="Resource Files">
      <UniqueIdentifier>{67DA6AB6-F800-4c08-8B7A-83BB121AAD01}</UniqueIdentifier>
      <Extensions>rc;ico;cur;bmp;dlg;rc2;rct;bin;rgs;gif;jpg;jpeg;jpe;resx;tiff;tif;png;wav;mfcribbon-ms</Extensions>
    </Filter>
    <Filter Include="Source Files\materials">
      <UniqueIdentifier>{1edd8759-5fee-4e4b-8424-cd4396f9686c}</UniqueIdentifier>
    </Filter>
    <Filter Include="Source Files\objects">
      <UniqueIdentifier>{50ecc33e-8a9e-4458-900b-69a02cf0694b}</UniqueIdentifier>
    </Filter>
    <Filter Include="Source Files\objects\camera">
      <UniqueIdentifier>{995dea90-e173-46e6-90fe-bd7fa4da47f0}</UniqueIdentifier>
    </Filter>
    <Filter Include="Source Files\objects\hitables">
      <UniqueIdentifier>{d89c78af-1c83-4f59-96d7-f7e7660ae954}</UniqueIdentifier>
    </Filter>
    <Filter Include="Source Files\render_process">
      <UniqueIdentifier>{83eaba2f-c076-40a2-aa3e-e5bd50d6d745}</UniqueIdentifier>
    </Filter>
    <Filter Include="Source Files\render_process\sampling">
      <UniqueIdentifier>{73e87672-9306-458f-82ee-c996e7885be2}</UniqueIdentifier>
    </Filter>
    <Filter Include="Source Files\textures">
      <UniqueIdentifier>{d3a95456-153e-4a01-b9a8-6b45c92eae51}</UniqueIdentifier>
    </Filter>
    <Filter Include="Source Files\util">
      <UniqueIdentifier>{fe867724-1ff1-4093-ac05-1381ad748699}</UniqueIdentifier>
    </Filter>
    <Filter Include="Source Files\util\math">
      <UniqueIdentifier>{52c2a52b-a9b9-4a8d-a811-2d94d4cf16bd}</UniqueIdentifier>
    </Filter>
    <Filter Include="Source Files\util\pdf">
      <UniqueIdentifier>{f667d2d5-685a-4f8d-b6ad-53238cf1e277}</UniqueIdentifier>
    </Filter>
    <Filter Include="Source Files\util\rng">
      <UniqueIdentifier>{368b45d3-46e8-4fe9-b33e-7e31a62cd152}</UniqueIdentifier>
    </Filter>
    <Filter Include="Source Files\util\stb">
      <UniqueIdentifier>{34454a3f-0798-4730-9ef1-e80e06fb5e80}</UniqueIdentifier>
    </Filter>
    <Filter Include="Source Files\util\denoiser">
      <UniqueIdentifier>{d2c933bb-249f-4b8b-8883-fc2ddb47176f}</UniqueIdentifier>
    </Filter>
    <Filter Include="Source Files\util\image">
      <UniqueIdentifier>{32179876-d954-4470-9827-a05a4592f0e9}</UniqueIdentifier>
    </Filter>
    <Filter Include="Source Files\util\helper">
      <UniqueIdentifier>{6433f46c-2205-4adc-875c-5581bb3c03a8}</UniqueIdentifier>
    </Filter>
    <Filter Include="Source Files\util\scene_parser">
      <UniqueIdentifier>{8cf75086-788d-4aba-baff-7609a139db21}</UniqueIdentifier>
    </Filter>
    <Filter Include="Source Files\util\bounding_box">
      <UniqueIdentifier>{9c6527c2-5ee6-43a0-945f-a9a0e91160ee}</UniqueIdentifier>
    </Filter>
  </ItemGroup>
  <ItemGroup>
    <ClCompile Include="src\Source.cpp">
      <Filter>Source Files</Filter>
    </ClCompile>
    <ClCompile Include="src\materials\material.cpp">
      <Filter>Source Files\materials</Filter>
    </ClCompile>
    <ClCompile Include="src\objects\camera\camera.cpp">
      <Filter>Source Files\objects\camera</Filter>
    </ClCompile>
    <ClCompile Include="src\objects\hitables\box.cpp">
      <Filter>Source Files\objects\hitables</Filter>
    </ClCompile>
    <ClCompile Include="src\objects\hitables\bvh_node.cpp">
      <Filter>Source Files\objects\hitables</Filter>
    </ClCompile>
    <ClCompile Include="src\objects\hitables\hitable.cpp">
      <Filter>Source Files\objects\hitables</Filter>
    </ClCompile>
    <ClCompile Include="src\objects\hitables\hitable_list.cpp">
      <Filter>Source Files\objects\hitables</Filter>
    </ClCompile>
    <ClCompile Include="src\objects\hitables\mesh.cpp">
      <Filter>Source Files\objects\hitables</Filter>
    </ClCompile>
    <ClCompile Include="src\objects\hitables\model.cpp">
      <Filter>Source Files\objects\hitables</Filter>
    </ClCompile>
    <ClCompile Include="src\objects\hitables\rect.cpp">
      <Filter>Source Files\objects\hitables</Filter>
    </ClCompile>
    <ClCompile Include="src\objects\hitables\sphere.cpp">
      <Filter>Source Files\objects\hitables</Filter>
    </ClCompile>
    <ClCompile Include="src\objects\hitables\triangle.cpp">
      <Filter>Source Files\objects\hitables</Filter>
    </ClCompile>
    <ClCompile Include="src\render_process\lighting_integrator.cpp">
      <Filter>Source Files\render_process</Filter>
    </ClCompile>
    <ClCompile Include="src\render_process\render_worker.cpp">
      <Filter>Source Files\render_process</Filter>
    </ClCompile>
    <ClCompile Include="src\render_process\tile_pool.cpp">
      <Filter>Source Files\render_process</Filter>
    </ClCompile>
    <ClCompile Include="src\render_process\sampling\random_sampler.cpp">
      <Filter>Source Files\render_process\sampling</Filter>
    </ClCompile>
    <ClCompile Include="src\render_process\sampling\sampler.cpp">
      <Filter>Source Files\render_process\sampling</Filter>
    </ClCompile>
    <ClCompile Include="src\render_process\sampling\stratified_sampler.cpp">
      <Filter>Source Files\render_process\sampling</Filter>
    </ClCompile>
    <ClCompile Include="src\textures\perlin.cpp">
      <Filter>Source Files\textures</Filter>
    </ClCompile>
    <ClCompile Include="src\textures\texture.cpp">
      <Filter>Source Files\textures</Filter>
    </ClCompile>
    <ClCompile Include="src\util\math\onb.cpp">
      <Filter>Source Files\util\math</Filter>
    </ClCompile>
    <ClCompile Include="src\util\math\vec3.cpp">
      <Filter>Source Files\util\math</Filter>
    </ClCompile>
    <ClCompile Include="src\util\rng\random_number.cpp">
      <Filter>Source Files\util\rng</Filter>
    </ClCompile>
    <ClCompile Include="src\util\denoiser\denoiser.cpp">
      <Filter>Source Files\util\denoiser</Filter>
    </ClCompile>
    <ClCompile Include="src\util\image\image.cpp">
      <Filter>Source Files\util\image</Filter>
    </ClCompile>
    <ClCompile Include="src\util\scene_parser\scene_parser.cpp">
      <Filter>Source Files\util\scene_parser</Filter>
    </ClCompile>
    <ClCompile Include="src\util\bounding_box\aabb.cpp">
      <Filter>Source Files\util\bounding_box</Filter>
    </ClCompile>
  </ItemGroup>
  <ItemGroup>
    <ClInclude Include="src\materials\material.hpp">
      <Filter>Source Files\materials</Filter>
    </ClInclude>
    <ClInclude Include="src\objects\camera\camera.hpp">
      <Filter>Source Files\objects\camera</Filter>
    </ClInclude>
    <ClInclude Include="src\objects\hitables\allHitables.hpp">
      <Filter>Source Files\objects\hitables</Filter>
    </ClInclude>
    <ClInclude Include="src\objects\hitables\mesh.hpp">
      <Filter>Source Files\objects\hitables</Filter>
    </ClInclude>
    <ClInclude Include="src\objects\hitables\model.hpp">
      <Filter>Source Files\objects\hitables</Filter>
    </ClInclude>
    <ClInclude Include="src\objects\hitables\scene.hpp">
      <Filter>Source Files\objects\hitables</Filter>
    </ClInclude>
    <ClInclude Include="src\objects\hitables\triangle.hpp">
      <Filter>Source Files\objects\hitables</Filter>
    </ClInclude>
    <ClInclude Include="src\objects\hitables\box.hpp">
      <Filter>Source Files\objects\hitables</Filter>
    </ClInclude>
    <ClInclude Include="src\objects\hitables\bvh_node.hpp">
      <Filter>Source Files\objects\hitables</Filter>
    </ClInclude>
    <ClInclude Include="src\objects\hitables\constant_medium.hpp">
      <Filter>Source Files\objects\hitables</Filter>
    </ClInclude>
    <ClInclude Include="src\objects\hitables\hitable.hpp">
      <Filter>Source Files\objects\hitables</Filter>
    </ClInclude>
    <ClInclude Include="src\objects\hitables\hitable_list.hpp">
      <Filter>Source Files\objects\hitables</Filter>
    </ClInclude>
    <ClInclude Include="src\objects\hitables\rect.hpp">
      <Filter>Source Files\objects\hitables</Filter>
    </ClInclude>
    <ClInclude Include="src\objects\hitables\sphere.hpp">
      <Filter>Source Files\objects\hitables</Filter>
    </ClInclude>
    <ClInclude Include="src\render_process\lighting_integrator.hpp">
      <Filter>Source Files\render_process</Filter>
    </ClInclude>
    <ClInclude Include="src\render_process\render_settings.hpp">
      <Filter>Source Files\render_process</Filter>
    </ClInclude>
    <ClInclude Include="src\render_process\render_worker.hpp">
      <Filter>Source Files\render_process</Filter>
    </ClInclude>
    <ClInclude Include="src\render_process\tile_pool.hpp">
      <Filter>Source Files\render_process</Filter>
    </ClInclude>
    <ClInclude Include="src\render_process\sampling\camera_sample.hpp">
      <Filter>Source Files\render_process\sampling</Filter>
    </ClInclude>
    <ClInclude Include="src\render_process\sampling\random_sampler.hpp">
      <Filter>Source Files\render_process\sampling</Filter>
    </ClInclude>
    <ClInclude Include="src\render_process\sampling\sampler.hpp">
      <Filter>Source Files\render_process\sampling</Filter>
    </ClInclude>
    <ClInclude Include="src\render_process\sampling\stratified_sampler.hpp">
      <Filter>Source Files\render_process\sampling</Filter>
    </ClInclude>
    <ClInclude Include="src\textures\perlin.hpp">
      <Filter>Source Files\textures</Filter>
    </ClInclude>
    <ClInclude Include="src\textures\texture.hpp">
      <Filter>Source Files\textures</Filter>
    </ClInclude>
    <ClInclude Include="src\util\utility_functions.hpp">
      <Filter>Source Files\util</Filter>
    </ClInclude>
    <ClInclude Include="src\util\math\onb.hpp">
      <Filter>Source Files\util\math</Filter>
    </ClInclude>
    <ClInclude Include="src\util\math\ray.hpp">
      <Filter>Source Files\util\math</Filter>
    </ClInclude>
    <ClInclude Include="src\util\math\vec3.hpp">
      <Filter>Source Files\util\math</Filter>
    </ClInclude>
    <ClInclude Include="src\util\math\vertex.hpp">
      <Filter>Source Files\util\math</Filter>
    </ClInclude>
    <ClInclude Include="src\util\pdf\pdf.hpp">
      <Filter>Source Files\util\pdf</Filter>
    </ClInclude>
    <ClInclude Include="src\util\rng\random_number.hpp">
      <Filter>Source Files\util\rng</Filter>
    </ClInclude>
    <ClInclude Include="src\util\stb\stb_image.h">
      <Filter>Source Files\util\stb</Filter>
    </ClInclude>
    <ClInclude Include="src\util\stb\stb_image_write.h">
      <Filter>Source Files\util\stb</Filter>
    </ClInclude>
    <ClInclude Include="src\util\denoiser\denoiser.hpp">
      <Filter>Source Files\util\denoiser</Filter>
    </ClInclude>
    <ClInclude Include="src\util\image\image.hpp">
      <Filter>Source Files\util\image</Filter>
    </ClInclude>
    <ClInclude Include="src\util\helper\helper.hpp">
      <Filter>Source Files\util\helper</Filter>
    </ClInclude>
    <ClInclude Include="src\util\scene_parser\scene_parser.hpp">
      <Filter>Source Files\util\scene_parser</Filter>
    </ClInclude>
    <ClInclude Include="src\util\bounding_box\aabb.hpp">
      <Filter>Source Files\util\bounding_box</Filter>
    </ClInclude>
  </ItemGroup>
</Project>