<?xml version="1.0" encoding="utf-8"?>
<Project ToolsVersion="4.0" xmlns="http://schemas.microsoft.com/developer/msbuild/2003">
  <ItemGroup>
    <Filter Include="Source Files">
      <UniqueIdentifier>{4FC737F1-C7A5-4376-A066-2A32D752A2FF}</UniqueIdentifier>
      <Extensions>cpp;c;cc;cxx;c++;def;odl;idl;hpj;bat;asm;asmx</Extensions>
    </Filter>
    <Filter Include="Header Files">
      <UniqueIdentifier>{93995380-89BD-4b04-88EB-625FBE52EBFB}</UniqueIdentifier>
      <Extensions>h;hh;hpp;hxx;h++;hm;inl;inc;ipp;xsd</Extensions>
    </Filter>
    <Filter Include="Resource Files">
      <UniqueIdentifier>{67DA6AB6-F800-4c08-8B7A-83BB121AAD01}</UniqueIdentifier>
      <Extensions>rc;ico;cur;bmp;dlg;rc2;rct;bin;rgs;gif;jpg;jpeg;jpe;resx;tiff;tif;png;wav;mfcribbon-ms</Extensions>
    </Filter>
    <Filter Include="Source Files\materials">
      <UniqueIdentifier>{a490ea34-a852-416f-902c-584e68013b4d}</UniqueIdentifier>
    </Filter>
    <Filter Include="Source Files\objects">
      <UniqueIdentifier>{65129985-15c1-490e-aebb-41b78acae72d}</UniqueIdentifier>
    </Filter>
    <Filter Include="Source Files\objects\camera">
      <UniqueIdentifier>{b6aa13e0-6745-4e5d-bb33-4d7333e1ed48}</UniqueIdentifier>
    </Filter>
    <Filter Include="Source Files\objects\hitables">
      <UniqueIdentifier>{dac10082-1beb-4162-b4fd-a61d5aacf965}</UniqueIdentifier>
    </Filter>
    <Filter Include="Source Files\render_process">
      <UniqueIdentifier>{8d0c0d67-bd31-4133-8f7c-99547ffb8474}</UniqueIdentifier>
    </Filter>
    <Filter Include="Source Files\render_process\sampling">
      <UniqueIdentifier>{c3b09242-2ec1-46b0-aa6b-aadb5b09594d}</UniqueIdentifier>
    </Filter>
    <Filter Include="Source Files\textures">
      <UniqueIdentifier>{198d8f61-c36e-45c4-8b86-eb627e6d4da8}</UniqueIdentifier>
    </Filter>
    <Filter Include="Source Files\util">
      <UniqueIdentifier>{ddde2542-be5c-4828-9f1e-993c84427822}</UniqueIdentifier>
    </Filter>
    <Filter Include="Source Files\util\math">
      <UniqueIdentifier>{ba8b40cd-e48b-4aeb-8cc2-488d67bb4276}</UniqueIdentifier>
    </Filter>
    <Filter Include="Source Files\util\pdf">
      <UniqueIdentifier>{8c86cc7c-be6e-4123-980b-54a133f28250}</UniqueIdentifier>
    </Filter>
    <Filter Include="Source Files\util\rng">
      <UniqueIdentifier>{b2237e6c-7621-4b37-a545-b5217f968908}</UniqueIdentifier>
    </Filter>
    <Filter Include="Source Files\util\stb">
      <UniqueIdentifier>{3d99f0a4-610f-4219-a811-81e37ec13cbb}</UniqueIdentifier>
    </Filter>
    <Filter Include="Source Files\util\denoiser">
      <UniqueIdentifier>{b917d443-804b-47cc-9780-94a919e35090}</UniqueIdentifier>
    </Filter>
    <Filter Include="Source Files\util\image">
      <UniqueIdentifier>{e2131e4b-9447-4ce6-8fe6-1c235c0731c7}</UniqueIdentifier>
    </Filter>
    <Filter Include="Source Files\util\helper">
      <UniqueIdentifier>{1ac21840-a4e4-4d98-8b1c-5ebb2e8efa47}</UniqueIdentifier>
    </Filter>
    <Filter Include="Source Files\util\scene_parser">
      <UniqueIdentifier>{deb7dfe0-8915-44c3-a70e-74d22b2b5ded}</UniqueIdentifier>
    </Filter>
    <Filter Include="Source Files\util\bounding_box">
      <UniqueIdentifier>{7e8e15cc-ea2f-4254-b921-12010992becd}</UniqueIdentifier>
    </Filter>
  </ItemGroup>
  <ItemGroup>
    <ClCompile Include="..\src\materials\material.cpp">
      <Filter>Source Files\materials</Filter>
    </ClCompile>
    <ClCompile Include="..\src\objects\camera\camera.cpp">
      <Filter>Source Files\objects\camera</Filter>
    </ClCompile>
    <ClCompile Include="..\src\objects\hitables\box.cpp">
      <Filter>Source Files\objects\hitables</Filter>
    </ClCompile>
    <ClCompile Include="..\src\objects\hitables\bvh_node.cpp">
      <Filter>Source Files\objects\hitables</Filter>
    </ClCompile>
    <ClCompile Include="..\src\objects\hitables\hitable.cpp">
      <Filter>Source Files\objects\hitables</Filter>
    </ClCompile>
    <ClCompile Include="..\src\objects\hitables\hitable_list.cpp">
      <Filter>Source Files\objects\hitables</Filter>
    </ClCompile>
    <ClCompile Include="..\src\objects\hitables\mesh.cpp">
      <Filter>Source Files\objects\hitables</Filter>
    </ClCompile>
    <ClCompile Include="..\src\objects\hitables\model.cpp">
      <Filter>Source Files\objects\hitables</Filter>
    </ClCompile>
    <ClCompile Include="..\src\objects\hitables\rect.cpp">
      <Filter>Source Files\objects\hitables</Filter>
    </ClCompile>
    <ClCompile Include="..\src\objects\hitables\sphere.cpp">
      <Filter>Source Files\objects\hitables</Filter>
    </ClCompile>
    <ClCompile Include="..\src\objects\hitables\triangle.cpp">
      <Filter>Source Files\objects\hitables</Filter>
    </ClCompile>
    <ClCompile Include="..\src\render_process\lighting_integrator.cpp">
      <Filter>Source Files\render_process</Filter>
    </ClCompile>
    <ClCompile Include="..\src\render_process\render_worker.cpp">
      <Filter>Source Files\render_process</Filter>
    </ClCompile>
    <ClCompile Include="..\src\render_process\tile_pool.cpp">
      <Filter>Source Files\render_process</Filter>
    </ClCompile>
    <ClCompile Include="..\src\render_process\sampling\random_sampler.cpp">
      <Filter>Source Files\render_process\sampling</Filter>
    </ClCompile>
    <ClCompile Include="..\src\render_process\sampling\sampler.cpp">
      <Filter>Source Files\render_process\sampling</Filter>
    </ClCompile>
    <ClCompile Include="..\src\render_process\sampling\stratified_sampler.cpp">
      <Filter>Source Files\render_process\sampling</Filter>
    </ClCompile>
    <ClCompile Include="..\src\textures\perlin.cpp">
      <Filter>Source Files\textures</Filter>
    </ClCompile>
    <ClCompile Include="..\src\textures\texture.cpp">
      <Filter>Source Files\textures</Filter>
    </ClCompile>
    <ClCompile Include="..\src\util\math\onb.cpp">
      <Filter>Source Files\util\math</Filter>
    </ClCompile>
    <ClCompile Include="..\src\util\math\vec3.cpp">
      <Filter>Source Files\util\math</Filter>
    </ClCompile>
    <ClCompile Include="..\src\util\rng\random_number.cpp">
      <Filter>Source Files\util\rng</Filter>
    </ClCompile>
    <ClCompile Include="..\src\util\denoiser\denoiser.cpp">
      <Filter>Source Files\util\denoiser</Filter>
    </ClCompile>
    <ClCompile Include="..\src\util\image\image.cpp">
      <Filter>Source Files\util\image</Filter>
    </ClCompile>
    <ClCompile Include="..\src\util\scene_parser\scene_parser.cpp">
      <Filter>Source Files\util\scene_parser</Filter>
    </ClCompile>
    <ClCompile Include="..\src\util\bounding_box\aabb.cpp">
      <Filter>Source Files\util\bounding_box</Filter>
    </ClCompile>
    <ClCompile Include="..\src\viewer.cpp">
      <Filter>Source Files</Filter>
    </ClCompile>
    <ClCompile Include="..\dependencies\include\glad\glad.c">
      <Filter>Source Files</Filter>
    </ClCompile>
    <ClCompile Include="..\dependencies\include\imgui\imgui.cpp">
      <Filter>Source Files</Filter>
    </ClCompile>
    <ClCompile Include="..\dependencies\include\imgui\imgui_draw.cpp">
      <Filter>Source Files</Filter>
    </ClCompile>
    <ClCompile Include="..\dependencies\include\imgui\imgui_impl_glfw.cpp">
      <Filter>Source Files</Filter>
    </ClCompile>
    <ClCompile Include="..\dependencies\include\imgui\imgui_impl_opengl3.cpp">
      <Filter>Source Files</Filter>
    </ClCompile>
    <ClCompile Include="..\dependencies\include\imgui\imgui_widgets.cpp">
      <Filter>Source Files</Filter>
    </ClCompile>
  </ItemGroup>
  <ItemGroup>
    <ClInclude Include="..\src\materials\material.hpp">
      <Filter>Source Files\materials</Filter>
    </ClInclude>
    <ClInclude Include="..\src\objects\camera\camera.hpp">
      <Filter>Source Files\objects\camera</Filter>
    </ClInclude>
    <ClInclude Include="..\src\objects\hitables\allHitables.hpp">
      <Filter>Source Files\objects\hitables</Filter>
    </ClInclude>
    <ClInclude Include="..\src\objects\hitables\mesh.hpp">
      <Filter>Source Files\objects\hitables</Filter>
    </ClInclude>
    <ClInclude Include="..\src\objects\hitables\model.hpp">
      <Filter>Source Files\objects\hitables</Filter>
    </ClInclude>
    <ClInclude Include="..\src\objects\hitables\scene.hpp">
      <Filter>Source Files\objects\hitables</Filter>
    </ClInclude>
    <ClInclude Include="..\src\objects\hitables\triangle.hpp">
      <Filter>Source Files\objects\hitables</Filter>
    </ClInclude>
    <ClInclude Include="..\src\objects\hitables\box.hpp">
      <Filter>Source Files\objects\hitables</Filter>
    </ClInclude>
    <ClInclude Include="..\src\objects\hitables\bvh_node.hpp">
      <Filter>Source Files\objects\hitables</Filter>
    </ClInclude>
    <ClInclude Include="..\src\objects\hitables\constant_medium.hpp">
      <Filter>Source Files\objects\hitables</Filter>
    </ClInclude>
    <ClInclude Include="..\src\objects\hitables\hitable.hpp">
      <Filter>Source Files\objects\hitables</Filter>
    </ClInclude>
    <ClInclude Include="..\src\objects\hitables\hitable_list.hpp">
      <Filter>Source Files\objects\hitables</Filter>
    </ClInclude>
    <ClInclude Include="..\src\objects\hitables\rect.hpp">
      <Filter>Source Files\objects\hitables</Filter>
    </ClInclude>
    <ClInclude Include="..\src\objects\hitables\sphere.hpp">
      <Filter>Source Files\objects\hitables</Filter>
    </ClInclude>
    <ClInclude Include="..\src\render_process\lighting_integrator.hpp">
      <Filter>Source Files\render_process</Filter>
    </ClInclude>
    <ClInclude Include="..\src\render_process\render_settings.hpp">
      <Filter>Source Files\render_process</Filter>
    </ClInclude>
    <ClInclude Include="..\src\render_process\render_worker.hpp">
      <Filter>Source Files\render_process</Filter>
    </ClInclude>
    <ClInclude Include="..\src\render_process\tile_pool.hpp">
      <Filter>Source Files\render_process</Filter>
    </ClInclude>
    <ClInclude Include="..\src\render_process\sampling\camera_sample.hpp">
      <Filter>Source Files\render_process\sampling</Filter>
    </ClInclude>
    <ClInclude Include="..\src\render_process\sampling\random_sampler.hpp">
      <Filter>Source Files\render_process\sampling</Filter>
    </ClInclude>
    <ClInclude Include="..\src\render_process\sampling\sampler.hpp">
      <Filter>Source Files\render_process\sampling</Filter>
    </ClInclude>
    <ClInclude Include="..\src\render_process\sampling\stratified_sampler.hpp">
      <Filter>Source Files\render_process\sampling</Filter>
    </ClInclude>
    <ClInclude Include="..\src\textures\perlin.hpp">
      <Filter>Source Files\textures</Filter>
    </ClInclude>
    <ClInclude Include="..\src\textures\texture.hpp">
      <Filter>Source Files\textures</Filter>
    </ClInclude>
    <ClInclude Include="..\src\util\utility_functions.hpp">
      <Filter>Source Files\util</Filter>
    </ClInclude>
    <ClInclude Include="..\src\util\math\onb.hpp">
      <Filter>Source Files\util\math</Filter>
    </ClInclude>
    <ClInclude Include="..\src\util\math\ray.hpp">
      <Filter>Source Files\util\math</Filter>
    </ClInclude>
    <ClInclude Include="..\src\util\math\vec3.hpp">
      <Filter>Source Files\util\math</Filter>
    </ClInclude>
    <ClInclude Include="..\src\util\math\vertex.hpp">
      <Filter>Source Files\util\math</Filter>
    </ClInclude>
    <ClInclude Include="..\src\util\pdf\pdf.hpp">
      <Filter>Source Files\util\pdf</Filter>
    </ClInclude>
    <ClInclude Include="..\src\util\rng\random_number.hpp">
      <Filter>Source Files\util\rng</Filter>
    </ClInclude>
    <ClInclude Include="..\src\util\stb\stb_image.h">
      <Filter>Source Files\util\stb</Filter>
    </ClInclude>
    <ClInclude Include="..\src\util\stb\stb_image_write.h">
      <Filter>Source Files\util\stb</Filter>
    </ClInclude>
    <ClInclude Include="..\src\util\denoiser\denoiser.hpp">
      <Filter>Source Files\util\denoiser</Filter>
    </ClInclude>
    <ClInclude Include="..\src\util\image\image.hpp">
      <Filter>Source Files\util\image</Filter>
    </ClInclude>
    <ClInclude Include="..\src\util\helper\helper.hpp">
      <Filter>Source Files\util\helper</Filter>
    </ClInclude>
    <ClInclude Include="..\src\util\scene_parser\scene_parser.hpp">
      <Filter>Source Files\util\scene_parser</Filter>
    </ClInclude>
    <ClInclude Include="..\src\util\bounding_box\aabb.hpp">
      <Filter>Source Files\util\bounding_box</Filter>
    </ClInclude>
  </ItemGroup>
</Project>